
Microsoft Visual Studio Solution File, Format Version 12.00
# Visual Studio 15
VisualStudioVersion = 15.0.27130.2010
MinimumVisualStudioVersion = 10.0.40219.1
Project("{778DAE3C-4631-46EA-AA77-85C1314464D9}") = "AfricasTalkingGateway", "AfricasTalkingGateway\AfricasTalkingGateway.vbproj", "{A27CCAE7-22B2-4A98-A999-1F8321DB661A}"
EndProject
Project("{F184B08F-C81C-45F6-A57F-5ABD9991F28F}") = "AfricasTalkingGatewayTest", "AfricasTalkingGatewayTest\AfricasTalkingGatewayTest.vbproj", "{2040367C-BA14-470F-B948-A35AB3065319}"
EndProject
Project("{F184B08F-C81C-45F6-A57F-5ABD9991F28F}") = "SendSms", "Samples\SendSms\SendSms.vbproj", "{FF4664F3-919B-461E-8A9E-B98E2C3DE7BA}"
EndProject
Global
	GlobalSection(SolutionConfigurationPlatforms) = preSolution
		Debug|Any CPU = Debug|Any CPU
		Release|Any CPU = Release|Any CPU
	EndGlobalSection
	GlobalSection(ProjectConfigurationPlatforms) = postSolution
		{A27CCAE7-22B2-4A98-A999-1F8321DB661A}.Debug|Any CPU.ActiveCfg = Debug|Any CPU
		{A27CCAE7-22B2-4A98-A999-1F8321DB661A}.Debug|Any CPU.Build.0 = Debug|Any CPU
		{A27CCAE7-22B2-4A98-A999-1F8321DB661A}.Release|Any CPU.ActiveCfg = Release|Any CPU
		{A27CCAE7-22B2-4A98-A999-1F8321DB661A}.Release|Any CPU.Build.0 = Release|Any CPU
		{2040367C-BA14-470F-B948-A35AB3065319}.Debug|Any CPU.ActiveCfg = Debug|Any CPU
		{2040367C-BA14-470F-B948-A35AB3065319}.Debug|Any CPU.Build.0 = Debug|Any CPU
		{2040367C-BA14-470F-B948-A35AB3065319}.Release|Any CPU.ActiveCfg = Release|Any CPU
		{2040367C-BA14-470F-B948-A35AB3065319}.Release|Any CPU.Build.0 = Release|Any CPU
		{FF4664F3-919B-461E-8A9E-B98E2C3DE7BA}.Debug|Any CPU.ActiveCfg = Debug|Any CPU
		{FF4664F3-919B-461E-8A9E-B98E2C3DE7BA}.Debug|Any CPU.Build.0 = Debug|Any CPU
		{FF4664F3-919B-461E-8A9E-B98E2C3DE7BA}.Release|Any CPU.ActiveCfg = Release|Any CPU
		{FF4664F3-919B-461E-8A9E-B98E2C3DE7BA}.Release|Any CPU.Build.0 = Release|Any CPU
	EndGlobalSection
	GlobalSection(SolutionProperties) = preSolution
		HideSolutionNode = FALSE
	EndGlobalSection
	GlobalSection(ExtensibilityGlobals) = postSolution
		SolutionGuid = {0F544EC2-A609-4B02-9DA4-819321593DEF}
	EndGlobalSection
EndGlobal
